
Microsoft Visual Studio Solution File, Format Version 12.00
# Visual Studio Version 17
VisualStudioVersion = 17.0.32126.317
MinimumVisualStudioVersion = 10.0.40219.1
Project("{FAE04EC0-301F-11D3-BF4B-00C04F79EFBC}") = "LD2", "LD2\LD2.csproj", "{A5670D41-82E1-4158-B67F-CA11E84BAC42}"
EndProject
Global
	GlobalSection(SolutionConfigurationPlatforms) = preSolution
		Debug|Any CPU = Debug|Any CPU
		Release|Any CPU = Release|Any CPU
	EndGlobalSection
	GlobalSection(ProjectConfigurationPlatforms) = postSolution
		{A5670D41-82E1-4158-B67F-CA11E84BAC42}.Debug|Any CPU.ActiveCfg = Debug|Any CPU
		{A5670D41-82E1-4158-B67F-CA11E84BAC42}.Debug|Any CPU.Build.0 = Debug|Any CPU
		{A5670D41-82E1-4158-B67F-CA11E84BAC42}.Release|Any CPU.ActiveCfg = Release|Any CPU
		{A5670D41-82E1-4158-B67F-CA11E84BAC42}.Release|Any CPU.Build.0 = Release|Any CPU
	EndGlobalSection
	GlobalSection(SolutionProperties) = preSolution
		HideSolutionNode = FALSE
	EndGlobalSection
	GlobalSection(ExtensibilityGlobals) = postSolution
		SolutionGuid = {78C208F6-F3E4-4BD7-A1E8-156695DA69FB}
	EndGlobalSection
EndGlobal
